{
  "name": "screenplay",
  "version": "1.0.0",
  "lockfileVersion": 3,
  "requires": true,
  "packages": {
    "": {
      "name": "screenplay",
      "version": "1.0.0",
      "license": "ISC",
      "dependencies": {
        "fountain-js": "^1.1.4"
      }
    },
    "node_modules/fountain-js": {
      "version": "1.1.4",
      "resolved": "https://registry.npmjs.org/fountain-js/-/fountain-js-1.1.4.tgz",
      "integrity": "sha512-SS77+ON1/4R0VBp3pB7C4psAA2CsKQ3BPI9JE2VpCuyZVoyWrQlVj6WtbbQ49khqlPoJoeEoM4nfucJqko93Gw=="
    }
  }
}
